
Microsoft Visual Studio Solution File, Format Version 12.00
# Visual Studio Version 16
VisualStudioVersion = 16.0.31515.178
MinimumVisualStudioVersion = 15.0.26124.0
Project("{2150E333-8FDC-42A3-9474-1A3956D46DE8}") = "src", "src", "{C9D7244E-F23F-4675-869A-54E233ADA1E2}"
EndProject
Project("{6EC3EE1D-3C4E-46DD-8F32-0CC8E7565705}") = "GitContributors", "src\GitContributors\GitContributors.fsproj", "{3BE88E55-8D97-4F2D-B944-1A0D8F36C075}"
EndProject
Project("{6EC3EE1D-3C4E-46DD-8F32-0CC8E7565705}") = "GitContributors.Test", "src\GitContributors.Test\GitContributors.Test.fsproj", "{3066C581-24EA-4A92-B066-3987678C8753}"
EndProject
Project("{2150E333-8FDC-42A3-9474-1A3956D46DE8}") = "Solution Items", "Solution Items", "{118FE16E-C78B-4AD1-9DD1-4A407F43E65F}"
	ProjectSection(SolutionItems) = preProject
		.gitignore = .gitignore
		README.md = README.md
	EndProjectSection
EndProject
Global
	GlobalSection(SolutionConfigurationPlatforms) = preSolution
		Debug|Any CPU = Debug|Any CPU
		Debug|x64 = Debug|x64
		Debug|x86 = Debug|x86
		Release|Any CPU = Release|Any CPU
		Release|x64 = Release|x64
		Release|x86 = Release|x86
	EndGlobalSection
	GlobalSection(ProjectConfigurationPlatforms) = postSolution
		{3BE88E55-8D97-4F2D-B944-1A0D8F36C075}.Debug|Any CPU.ActiveCfg = Debug|Any CPU
		{3BE88E55-8D97-4F2D-B944-1A0D8F36C075}.Debug|Any CPU.Build.0 = Debug|Any CPU
		{3BE88E55-8D97-4F2D-B944-1A0D8F36C075}.Debug|x64.ActiveCfg = Debug|Any CPU
		{3BE88E55-8D97-4F2D-B944-1A0D8F36C075}.Debug|x64.Build.0 = Debug|Any CPU
		{3BE88E55-8D97-4F2D-B944-1A0D8F36C075}.Debug|x86.ActiveCfg = Debug|Any CPU
		{3BE88E55-8D97-4F2D-B944-1A0D8F36C075}.Debug|x86.Build.0 = Debug|Any CPU
		{3BE88E55-8D97-4F2D-B944-1A0D8F36C075}.Release|Any CPU.ActiveCfg = Release|Any CPU
		{3BE88E55-8D97-4F2D-B944-1A0D8F36C075}.Release|Any CPU.Build.0 = Release|Any CPU
		{3BE88E55-8D97-4F2D-B944-1A0D8F36C075}.Release|x64.ActiveCfg = Release|Any CPU
		{3BE88E55-8D97-4F2D-B944-1A0D8F36C075}.Release|x64.Build.0 = Release|Any CPU
		{3BE88E55-8D97-4F2D-B944-1A0D8F36C075}.Release|x86.ActiveCfg = Release|Any CPU
		{3BE88E55-8D97-4F2D-B944-1A0D8F36C075}.Release|x86.Build.0 = Release|Any CPU
		{3066C581-24EA-4A92-B066-3987678C8753}.Debug|Any CPU.ActiveCfg = Debug|Any CPU
		{3066C581-24EA-4A92-B066-3987678C8753}.Debug|Any CPU.Build.0 = Debug|Any CPU
		{3066C581-24EA-4A92-B066-3987678C8753}.Debug|x64.ActiveCfg = Debug|Any CPU
		{3066C581-24EA-4A92-B066-3987678C8753}.Debug|x64.Build.0 = Debug|Any CPU
		{3066C581-24EA-4A92-B066-3987678C8753}.Debug|x86.ActiveCfg = Debug|Any CPU
		{3066C581-24EA-4A92-B066-3987678C8753}.Debug|x86.Build.0 = Debug|Any CPU
		{3066C581-24EA-4A92-B066-3987678C8753}.Release|Any CPU.ActiveCfg = Release|Any CPU
		{3066C581-24EA-4A92-B066-3987678C8753}.Release|Any CPU.Build.0 = Release|Any CPU
		{3066C581-24EA-4A92-B066-3987678C8753}.Release|x64.ActiveCfg = Release|Any CPU
		{3066C581-24EA-4A92-B066-3987678C8753}.Release|x64.Build.0 = Release|Any CPU
		{3066C581-24EA-4A92-B066-3987678C8753}.Release|x86.ActiveCfg = Release|Any CPU
		{3066C581-24EA-4A92-B066-3987678C8753}.Release|x86.Build.0 = Release|Any CPU
	EndGlobalSection
	GlobalSection(SolutionProperties) = preSolution
		HideSolutionNode = FALSE
	EndGlobalSection
	GlobalSection(NestedProjects) = preSolution
		{3BE88E55-8D97-4F2D-B944-1A0D8F36C075} = {C9D7244E-F23F-4675-869A-54E233ADA1E2}
		{3066C581-24EA-4A92-B066-3987678C8753} = {C9D7244E-F23F-4675-869A-54E233ADA1E2}
	EndGlobalSection
	GlobalSection(ExtensibilityGlobals) = postSolution
		SolutionGuid = {CE2273F7-C091-4249-92FF-DABB1AEB01EB}
	EndGlobalSection
EndGlobal
